
Microsoft Visual Studio Solution File, Format Version 12.00
# Visual Studio Version 17
VisualStudioVersion = 17.4.33205.214
MinimumVisualStudioVersion = 10.0.40219.1
Project("{FAE04EC0-301F-11D3-BF4B-00C04F79EFBC}") = "http web server", "http web server\http web server.csproj", "{95D89A14-B29A-4788-B695-01E00EF65AE8}"
EndProject
Global
	GlobalSection(SolutionConfigurationPlatforms) = preSolution
		Debug|Any CPU = Debug|Any CPU
		Release|Any CPU = Release|Any CPU
	EndGlobalSection
	GlobalSection(ProjectConfigurationPlatforms) = postSolution
		{95D89A14-B29A-4788-B695-01E00EF65AE8}.Debug|Any CPU.ActiveCfg = Debug|Any CPU
		{95D89A14-B29A-4788-B695-01E00EF65AE8}.Debug|Any CPU.Build.0 = Debug|Any CPU
		{95D89A14-B29A-4788-B695-01E00EF65AE8}.Release|Any CPU.ActiveCfg = Release|Any CPU
		{95D89A14-B29A-4788-B695-01E00EF65AE8}.Release|Any CPU.Build.0 = Release|Any CPU
	EndGlobalSection
	GlobalSection(SolutionProperties) = preSolution
		HideSolutionNode = FALSE
	EndGlobalSection
	GlobalSection(ExtensibilityGlobals) = postSolution
		SolutionGuid = {C2E96AED-2D4A-4B2E-AB0C-B58E04ACC68B}
	EndGlobalSection
EndGlobal
